{
  "fixtures/rspec/errors_outside_of_examples_spec.rb:2409688709": [
    [1, 16, 54, "RSpec/DescribeClass: The first argument to describe should be the class or module being tested.", 3626965792],
    [2, 35, 3, "RSpec/BeEql: Prefer `be` over `eql`.", 193405885]
  ],
  "fixtures/rspec/failing_spec.rb:1154565131": [
    [1, 16, 23, "RSpec/DescribeClass: The first argument to describe should be the class or module being tested.", 986317040],
    [11, 12, 1, "RSpec/ExpectActual: Provide the actual value you are testing to `expect(...)`.", 177559]
  ],
  "fixtures/rspec/no_method_error_spec.rb:47614094": [
    [1, 16, 20, "RSpec/DescribeClass: The first argument to describe should be the class or module being tested.", 4112385446]
  ],
  "fixtures/rspec/pending_exceptions_spec.rb:2868747541": [
    [1, 16, 51, "RSpec/DescribeClass: The first argument to describe should be the class or module being tested.", 4038399051],
    [5, 12, 1, "RSpec/ExpectActual: Provide the actual value you are testing to `expect(...)`.", 177559],
    [9, 12, 3, "RSpec/ExpectActual: Provide the actual value you are testing to `expect(...)`.", 193358996],
    [12, 3, 43, "RSpec/PendingWithoutReason: Give the reason for xit.", 1479957056],
    [13, 12, 1, "RSpec/ExpectActual: Provide the actual value you are testing to `expect(...)`.", 177556]
  ],
  "lib/turbo_tests.rb:2945832194": [
    [23, 5, 323, "Style/ClassMethodsDefinitions: Use `class << self` to define a class method.", 166166262],
    [50, 5, 269, "Style/ClassMethodsDefinitions: Use `class << self` to define a class method.", 4255608859],
    [71, 5, 614, "Style/ClassMethodsDefinitions: Use `class << self` to define a class method.", 574527918]
  ],
  "lib/turbo_tests/reporter.rb:1386902608": [
    [7, 5, 400, "Style/ClassMethodsDefinitions: Use `class << self` to define a class method.", 2092085575]
  ],
  "lib/turbo_tests/runner.rb:2461972978": [
    [13, 5, 271, "Style/ClassMethodsDefinitions: Use `class << self` to define a class method.", 21989008],
    [20, 5, 1311, "Style/ClassMethodsDefinitions: Use `class << self` to define a class method.", 1925027850],
    [244, 11, 10, "ThreadSafety/NewThread: Avoid starting new threads.", 3411682361],
    [263, 47, 6, "Style/GlobalStdStream: Use `$stderr` instead of `STDERR`.", 3356712163],
    [265, 21, 10, "ThreadSafety/NewThread: Avoid starting new threads.", 3411682361],
    [274, 7, 10, "ThreadSafety/NewThread: Avoid starting new threads.", 3411682361],
    [334, 9, 6, "Style/GlobalStdStream: Use `$stdout` instead of `STDOUT`.", 3356722952]
  ],
  "spec/cli_spec.rb:3990998076": [
    [1, 1, 30, "RSpec/SpecFilePathFormat: Spec path should end with `turbo_tests/cli*_spec.rb`.", 965721356],
    [11, 13, 28, "RSpec/ContextWording: Context description should match /^when\\b/, /^with\\b/, or /^without\\b/.", 2146945865],
    [30, 7, 12, "RSpec/MultipleExpectations: Example has too many expectations [3/1].", 2388739333],
    [31, 34, 3, "RSpec/BeEql: Prefer `be` over `eql`.", 193405885],
    [38, 13, 20, "RSpec/ContextWording: Context description should match /^when\\b/, /^with\\b/, or /^without\\b/.", 812172126],
    [41, 7, 632, "RSpec/ExampleLength: Example has too many lines. [10/5]", 4177603105],
    [42, 34, 3, "RSpec/BeEql: Prefer `be` over `eql`.", 193405885],
    [60, 13, 28, "RSpec/ContextWording: Context description should match /^when\\b/, /^with\\b/, or /^without\\b/.", 2146945865],
    [75, 7, 12, "RSpec/MultipleExpectations: Example has too many expectations [3/1].", 2388739333],
    [76, 34, 3, "RSpec/BeEql: Prefer `be` over `eql`.", 193405885],
    [87, 13, 20, "RSpec/ContextWording: Context description should match /^when\\b/, /^with\\b/, or /^without\\b/.", 812172126],
    [90, 7, 600, "RSpec/ExampleLength: Example has too many lines. [10/5]", 1660729462],
    [91, 34, 3, "RSpec/BeEql: Prefer `be` over `eql`.", 193405885],
    [111, 5, 32, "RSpec/MultipleExpectations: Example has too many expectations [2/1].", 281328851],
    [112, 32, 3, "RSpec/BeEql: Prefer `be` over `eql`.", 193405885],
    [121, 5, 38, "RSpec/MultipleExpectations: Example has too many expectations [2/1].", 3463001811],
    [121, 5, 409, "RSpec/ExampleLength: Example has too many lines. [9/5]", 4122755410],
    [122, 32, 3, "RSpec/BeEql: Prefer `be` over `eql`.", 193405885]
  ],
  "spec/doc_formatter_spec.rb:233381593": [
    [5, 16, 19, "RSpec/DescribeClass: The first argument to describe should be the class or module being tested.", 879596202]
  ],
  "spec/turbo_tests_spec.rb:811756577": [
    [10, 15, 7, "RSpec/MessageSpies: Prefer `have_received` for setting message expectations. Setup `ParallelTests::Tasks` as a spy using `allow` or `instance_spy`.", 1384559950],
    [20, 15, 7, "RSpec/MessageSpies: Prefer `have_received` for setting message expectations. Setup `ParallelTests::Tasks` as a spy using `allow` or `instance_spy`.", 1384559950]
  ],
  "turbo_tests.gemspec:2921004918": [
    [29, 16, 36, "ThreadSafety/DirChdir: Avoid using `Dir.chdir` due to its process-wide effect.", 3576345059],
    [30, 5, 19, "Packaging/GemspecGit: Avoid using git to produce lists of files. Downstreams often need to build your package in an environment that does not have git (on purpose). Use some pure Ruby alternative, like `Dir` or `Dir.glob`.", 3879951891]
  ]
}
