PATH
  remote: .
  specs:
    turbo_tests (0.1.0)
      optparse
      parallel_tests
      rspec

GEM
  remote: https://rubygems.org/
  specs:
    diff-lcs (1.4.4)
    optparse (0.1.0)
    parallel (1.19.2)
    parallel_tests (3.3.0)
      parallel
    rake (12.3.3)
    rspec (3.9.0)
      rspec-core (~> 3.9.0)
      rspec-expectations (~> 3.9.0)
      rspec-mocks (~> 3.9.0)
    rspec-core (3.9.3)
      rspec-support (~> 3.9.3)
    rspec-expectations (3.9.3)
      diff-lcs (>= 1.2.0, < 2.0)
      rspec-support (~> 3.9.0)
    rspec-mocks (3.9.1)
      diff-lcs (>= 1.2.0, < 2.0)
      rspec-support (~> 3.9.0)
    rspec-support (3.9.4)

PLATFORMS
  ruby

DEPENDENCIES
  rake (~> 12.0)
  turbo_tests!

BUNDLED WITH
   2.1.4
